PODS:
  - BlocksKit (2.2.5):
    - BlocksKit/All (= 2.2.5)
  - BlocksKit/All (2.2.5):
    - BlocksKit/Core
    - BlocksKit/DynamicDelegate
    - BlocksKit/MessageUI
    - BlocksKit/UIKit
  - BlocksKit/Core (2.2.5)
  - BlocksKit/DynamicDelegate (2.2.5)
  - BlocksKit/MessageUI (2.2.5):
    - BlocksKit/Core
    - BlocksKit/DynamicDelegate
  - BlocksKit/UIKit (2.2.5):
    - BlocksKit/Core
    - BlocksKit/DynamicDelegate
  - hpple (0.2.0)
  - MTStatusBarOverlay (0.9.1)
  - ShareSDK (2.11.0):
    - ShareSDK/Normal (= 2.11.0)
  - ShareSDK/Copy (2.11.0):
    - ShareSDK/Core
  - ShareSDK/Core (2.11.0)
  - ShareSDK/EverNote (2.11.0):
    - ShareSDK/Core
  - ShareSDK/Frequent (2.11.0):
    - ShareSDK/Copy
    - ShareSDK/Mail
    - ShareSDK/QQConnect
    - ShareSDK/QZone
    - ShareSDK/SinaWeibo
    - ShareSDK/UI/Flat
    - ShareSDK/UI/ShareActionSheet
    - ShareSDK/WeChat
  - ShareSDK/Mail (2.11.0):
    - ShareSDK/Core
  - ShareSDK/Normal (2.11.0):
    - ShareSDK/EverNote
    - ShareSDK/Frequent
    - ShareSDK/Pocket
  - ShareSDK/Pocket (2.11.0):
    - ShareSDK/Core
  - ShareSDK/QQConnect (2.11.0):
    - ShareSDK/Core
  - ShareSDK/QZone (2.11.0):
    - ShareSDK/QQConnect
  - ShareSDK/SinaWeibo (2.11.0):
    - ShareSDK/Core
  - ShareSDK/UI/Flat (2.11.0)
  - ShareSDK/UI/ShareActionSheet (2.11.0)
  - ShareSDK/WeChat (2.11.0):
    - ShareSDK/Core
  - SVPullToRefresh (0.4.1)
  - UMAnalytics (3.5.9)
  - UMFeedback (2.1.1)

DEPENDENCIES:
  - BlocksKit
  - hpple
  - MTStatusBarOverlay
  - ShareSDK
  - SVPullToRefresh
  - UMAnalytics
  - UMFeedback

SPEC CHECKSUMS:
  BlocksKit: 7f422b971407001178d181a43b99014ea2591fe6
  hpple: 3b765f96fc2cd56ad1a49aef6f7be5cb2aa64b57
  MTStatusBarOverlay: 258a1ee369f4dc4b94107d02cfd7f6b1317c421b
  ShareSDK: 9dfac7cb9a4cafdfa060cb9989dfdc94c8fa7540
  SVPullToRefresh: ba2e718695a43253d8bea6852d2960097dc15d8c
  UMAnalytics: 8c24fb67541ca9621337668dc08167e716cb6224
  UMFeedback: 7f9e82d5bd86223f7b7f8b7a0215b896ba2357fd

COCOAPODS: 0.37.2
