PODS:
  - hpple (HEAD based on 0.2.0)
  - MTStatusBarOverlay (HEAD based on 0.9.1)
  - SVPullToRefresh (HEAD based on 0.4.1)

DEPENDENCIES:
  - hpple (HEAD)
  - MTStatusBarOverlay (HEAD)
  - SVPullToRefresh (HEAD)

SPEC CHECKSUMS:
  hpple: dde62f905f482bbec50186280d1a1be2c881241b
  MTStatusBarOverlay: 2cee705996e4e307191d423bf49e583b9b2c14ac
  SVPullToRefresh: 61a0e4bd12bd6f8e3465909810b0fbeb1a28d5f2

COCOAPODS: 0.26.2
