// !$*UTF8*$!
{
	archiveVersion = 1;
	classes = {
	};
	objectVersion = 46;
	objects = {

/* Begin PBXBuildFile section */
		907A25A31837B9CF009B45E4 /* SystemConfiguration.framework in Frameworks */ = {isa = PBXBuildFile; fileRef = 907A25A21837B9CF009B45E4 /* SystemConfiguration.framework */; };
		907A25A51837B9DE009B45E4 /* CoreTelephony.framework in Frameworks */ = {isa = PBXBuildFile; fileRef = 907A25A41837B9DE009B45E4 /* CoreTelephony.framework */; };
		907A25A71837B9E6009B45E4 /* MessageUI.framework in Frameworks */ = {isa = PBXBuildFile; fileRef = 907A25A61837B9E6009B45E4 /* MessageUI.framework */; };
		907A25A91837BA09009B45E4 /* libicucore.dylib in Frameworks */ = {isa = PBXBuildFile; fileRef = 907A25A81837BA09009B45E4 /* libicucore.dylib */; };
		907A25AB1837BA12009B45E4 /* libz.1.2.5.dylib in Frameworks */ = {isa = PBXBuildFile; fileRef = 907A25AA1837BA12009B45E4 /* libz.1.2.5.dylib */; };
		907A25AD1837BA27009B45E4 /* libstdc++.dylib in Frameworks */ = {isa = PBXBuildFile; fileRef = 907A25AC1837BA27009B45E4 /* libstdc++.dylib */; };
		907A25AF1837BA2E009B45E4 /* libsqlite3.dylib in Frameworks */ = {isa = PBXBuildFile; fileRef = 907A25AE1837BA2E009B45E4 /* libsqlite3.dylib */; };
		90AAA7EB1A8124FD007CB2DF /* DNEvernoteUtil.m in Sources */ = {isa = PBXBuildFile; fileRef = 90AAA7E61A8124FD007CB2DF /* DNEvernoteUtil.m */; };
		90AAA7EC1A8124FD007CB2DF /* GTMNSString+HTML.m in Sources */ = {isa = PBXBuildFile; fileRef = 90AAA7E81A8124FD007CB2DF /* GTMNSString+HTML.m */; settings = {COMPILER_FLAGS = "-fno-objc-arc"; }; };
		90AAA7ED1A8124FD007CB2DF /* NSString+HTML.m in Sources */ = {isa = PBXBuildFile; fileRef = 90AAA7EA1A8124FD007CB2DF /* NSString+HTML.m */; settings = {COMPILER_FLAGS = "-fno-objc-arc"; }; };
		90AAA8241A8125FE007CB2DF /* access.c in Sources */ = {isa = PBXBuildFile; fileRef = 90AAA7EE1A8125FD007CB2DF /* access.c */; };
		90AAA8251A8125FE007CB2DF /* alloc.c in Sources */ = {isa = PBXBuildFile; fileRef = 90AAA7F01A8125FD007CB2DF /* alloc.c */; };
		90AAA8261A8125FE007CB2DF /* attrask.c in Sources */ = {isa = PBXBuildFile; fileRef = 90AAA7F11A8125FD007CB2DF /* attrask.c */; };
		90AAA8271A8125FE007CB2DF /* attrdict.c in Sources */ = {isa = PBXBuildFile; fileRef = 90AAA7F21A8125FD007CB2DF /* attrdict.c */; };
		90AAA8281A8125FE007CB2DF /* attrget.c in Sources */ = {isa = PBXBuildFile; fileRef = 90AAA7F41A8125FD007CB2DF /* attrget.c */; };
		90AAA8291A8125FE007CB2DF /* attrs.c in Sources */ = {isa = PBXBuildFile; fileRef = 90AAA7F51A8125FD007CB2DF /* attrs.c */; };
		90AAA82A1A8125FE007CB2DF /* buffio.c in Sources */ = {isa = PBXBuildFile; fileRef = 90AAA7F71A8125FD007CB2DF /* buffio.c */; };
		90AAA82B1A8125FE007CB2DF /* charsets.c in Sources */ = {isa = PBXBuildFile; fileRef = 90AAA7F91A8125FD007CB2DF /* charsets.c */; };
		90AAA82C1A8125FE007CB2DF /* clean.c in Sources */ = {isa = PBXBuildFile; fileRef = 90AAA7FB1A8125FD007CB2DF /* clean.c */; };
		90AAA82D1A8125FE007CB2DF /* config.c in Sources */ = {isa = PBXBuildFile; fileRef = 90AAA7FD1A8125FD007CB2DF /* config.c */; };
		90AAA82E1A8125FE007CB2DF /* CTidy.m in Sources */ = {isa = PBXBuildFile; fileRef = 90AAA8001A8125FD007CB2DF /* CTidy.m */; };
		90AAA82F1A8125FE007CB2DF /* entities.c in Sources */ = {isa = PBXBuildFile; fileRef = 90AAA8011A8125FD007CB2DF /* entities.c */; };
		90AAA8301A8125FE007CB2DF /* fileio.c in Sources */ = {isa = PBXBuildFile; fileRef = 90AAA8031A8125FD007CB2DF /* fileio.c */; };
		90AAA8311A8125FE007CB2DF /* iconvtc.c in Sources */ = {isa = PBXBuildFile; fileRef = 90AAA8061A8125FD007CB2DF /* iconvtc.c */; };
		90AAA8321A8125FE007CB2DF /* istack.c in Sources */ = {isa = PBXBuildFile; fileRef = 90AAA8081A8125FD007CB2DF /* istack.c */; };
		90AAA8331A8125FE007CB2DF /* lexer.c in Sources */ = {isa = PBXBuildFile; fileRef = 90AAA8091A8125FD007CB2DF /* lexer.c */; };
		90AAA8341A8125FE007CB2DF /* localize.c in Sources */ = {isa = PBXBuildFile; fileRef = 90AAA80B1A8125FD007CB2DF /* localize.c */; };
		90AAA8351A8125FE007CB2DF /* mappedio.c in Sources */ = {isa = PBXBuildFile; fileRef = 90AAA80C1A8125FD007CB2DF /* mappedio.c */; };
		90AAA8361A8125FE007CB2DF /* parser.c in Sources */ = {isa = PBXBuildFile; fileRef = 90AAA80F1A8125FD007CB2DF /* parser.c */; };
		90AAA8371A8125FE007CB2DF /* pprint.c in Sources */ = {isa = PBXBuildFile; fileRef = 90AAA8121A8125FD007CB2DF /* pprint.c */; };
		90AAA8381A8125FE007CB2DF /* streamio.c in Sources */ = {isa = PBXBuildFile; fileRef = 90AAA8141A8125FD007CB2DF /* streamio.c */; };
		90AAA8391A8125FE007CB2DF /* tagask.c in Sources */ = {isa = PBXBuildFile; fileRef = 90AAA8161A8125FD007CB2DF /* tagask.c */; };
		90AAA83A1A8125FE007CB2DF /* tags.c in Sources */ = {isa = PBXBuildFile; fileRef = 90AAA8171A8125FD007CB2DF /* tags.c */; };
		90AAA83B1A8125FE007CB2DF /* tidylib.c in Sources */ = {isa = PBXBuildFile; fileRef = 90AAA81C1A8125FD007CB2DF /* tidylib.c */; };
		90AAA83C1A8125FE007CB2DF /* tmbstr.c in Sources */ = {isa = PBXBuildFile; fileRef = 90AAA81D1A8125FD007CB2DF /* tmbstr.c */; };
		90AAA83D1A8125FE007CB2DF /* utf8.c in Sources */ = {isa = PBXBuildFile; fileRef = 90AAA81F1A8125FD007CB2DF /* utf8.c */; };
		90AAA83E1A8125FE007CB2DF /* win32tc.c in Sources */ = {isa = PBXBuildFile; fileRef = 90AAA8221A8125FD007CB2DF /* win32tc.c */; };
		90E5EC3D1B1DAC4500DB6799 /* Images.xcassets in Resources */ = {isa = PBXBuildFile; fileRef = 90E5EC3C1B1DAC4500DB6799 /* Images.xcassets */; };
		90E7265617B5757B00476517 /* MTableViewCell.xib in Resources */ = {isa = PBXBuildFile; fileRef = 90E7265517B5757B00476517 /* MTableViewCell.xib */; };
		90F960C017B5661A001E2270 /* UIKit.framework in Frameworks */ = {isa = PBXBuildFile; fileRef = 90F960BF17B5661A001E2270 /* UIKit.framework */; };
		90F960C217B5661A001E2270 /* Foundation.framework in Frameworks */ = {isa = PBXBuildFile; fileRef = 90F960C117B5661A001E2270 /* Foundation.framework */; };
		90F960C417B5661A001E2270 /* CoreGraphics.framework in Frameworks */ = {isa = PBXBuildFile; fileRef = 90F960C317B5661A001E2270 /* CoreGraphics.framework */; };
		90F960CC17B5661A001E2270 /* main.m in Sources */ = {isa = PBXBuildFile; fileRef = 90F960CB17B5661A001E2270 /* main.m */; };
		90F960D017B5661A001E2270 /* AppDelegate.m in Sources */ = {isa = PBXBuildFile; fileRef = 90F960CF17B5661A001E2270 /* AppDelegate.m */; };
		90F960E917B56A7D001E2270 /* MainViewController.m in Sources */ = {isa = PBXBuildFile; fileRef = 90F960E217B56A7D001E2270 /* MainViewController.m */; };
		90F960EA17B56A7D001E2270 /* MTableViewCell.m in Sources */ = {isa = PBXBuildFile; fileRef = 90F960E417B56A7D001E2270 /* MTableViewCell.m */; };
		90F960EB17B56A7D001E2270 /* NewsDetailViewController.m in Sources */ = {isa = PBXBuildFile; fileRef = 90F960E617B56A7D001E2270 /* NewsDetailViewController.m */; };
		90F960F117B56AF1001E2270 /* InfoPlist.strings in Resources */ = {isa = PBXBuildFile; fileRef = 90F960ED17B56AF1001E2270 /* InfoPlist.strings */; };
		90F960F217B56AF1001E2270 /* Localizable.strings in Resources */ = {isa = PBXBuildFile; fileRef = 90F960EF17B56AF1001E2270 /* Localizable.strings */; };
		90F9611217B56B5B001E2270 /* DarkCellBg.png in Resources */ = {isa = PBXBuildFile; fileRef = 90F960FF17B56B5B001E2270 /* DarkCellBg.png */; };
		90F9611317B56B5B001E2270 /* DarkCellBg@2x.png in Resources */ = {isa = PBXBuildFile; fileRef = 90F9610017B56B5B001E2270 /* DarkCellBg@2x.png */; };
		90F9611A17B56B5B001E2270 /* LightCellBg.png in Resources */ = {isa = PBXBuildFile; fileRef = 90F9610717B56B5B001E2270 /* LightCellBg.png */; };
		90F9611B17B56B5B001E2270 /* LightCellBg@2x.png in Resources */ = {isa = PBXBuildFile; fileRef = 90F9610817B56B5B001E2270 /* LightCellBg@2x.png */; };
		90F9612017B57056001E2270 /* libz.dylib in Frameworks */ = {isa = PBXBuildFile; fileRef = 90F9611F17B57056001E2270 /* libz.dylib */; };
		90F9612217B57075001E2270 /* iAd.framework in Frameworks */ = {isa = PBXBuildFile; fileRef = 90F9612117B57075001E2270 /* iAd.framework */; };
		F2C6E919D5B84531B03D5ED8 /* libPods.a in Frameworks */ = {isa = PBXBuildFile; fileRef = FC14F1A0AF0F4504B9D97151 /* libPods.a */; };
/* End PBXBuildFile section */

/* Begin PBXFileReference section */
		124086B810B43DD88289CE9E /* Pods.release.xcconfig */ = {isa = PBXFileReference; includeInIndex = 1; lastKnownFileType = text.xcconfig; name = Pods.release.xcconfig; path = "Pods/Target Support Files/Pods/Pods.release.xcconfig"; sourceTree = "<group>"; };
		5F6EE287A9F174583875BE3A /* Pods.debug.xcconfig */ = {isa = PBXFileReference; includeInIndex = 1; lastKnownFileType = text.xcconfig; name = Pods.debug.xcconfig; path = "Pods/Target Support Files/Pods/Pods.debug.xcconfig"; sourceTree = "<group>"; };
		907A25A21837B9CF009B45E4 /* SystemConfiguration.framework */ = {isa = PBXFileReference; lastKnownFileType = wrapper.framework; name = SystemConfiguration.framework; path = System/Library/Frameworks/SystemConfiguration.framework; sourceTree = SDKROOT; };
		907A25A41837B9DE009B45E4 /* CoreTelephony.framework */ = {isa = PBXFileReference; lastKnownFileType = wrapper.framework; name = CoreTelephony.framework; path = System/Library/Frameworks/CoreTelephony.framework; sourceTree = SDKROOT; };
		907A25A61837B9E6009B45E4 /* MessageUI.framework */ = {isa = PBXFileReference; lastKnownFileType = wrapper.framework; name = MessageUI.framework; path = System/Library/Frameworks/MessageUI.framework; sourceTree = SDKROOT; };
		907A25A81837BA09009B45E4 /* libicucore.dylib */ = {isa = PBXFileReference; lastKnownFileType = "compiled.mach-o.dylib"; name = libicucore.dylib; path = usr/lib/libicucore.dylib; sourceTree = SDKROOT; };
		907A25AA1837BA12009B45E4 /* libz.1.2.5.dylib */ = {isa = PBXFileReference; lastKnownFileType = "compiled.mach-o.dylib"; name = libz.1.2.5.dylib; path = usr/lib/libz.1.2.5.dylib; sourceTree = SDKROOT; };
		907A25AC1837BA27009B45E4 /* libstdc++.dylib */ = {isa = PBXFileReference; lastKnownFileType = "compiled.mach-o.dylib"; name = "libstdc++.dylib"; path = "usr/lib/libstdc++.dylib"; sourceTree = SDKROOT; };
		907A25AE1837BA2E009B45E4 /* libsqlite3.dylib */ = {isa = PBXFileReference; lastKnownFileType = "compiled.mach-o.dylib"; name = libsqlite3.dylib; path = usr/lib/libsqlite3.dylib; sourceTree = SDKROOT; };
		90AAA7E51A8124FD007CB2DF /* DNEvernoteUtil.h */ = {isa = PBXFileReference; fileEncoding = 4; lastKnownFileType = sourcecode.c.h; path = DNEvernoteUtil.h; sourceTree = "<group>"; };
		90AAA7E61A8124FD007CB2DF /* DNEvernoteUtil.m */ = {isa = PBXFileReference; fileEncoding = 4; lastKnownFileType = sourcecode.c.objc; path = DNEvernoteUtil.m; sourceTree = "<group>"; };
		90AAA7E71A8124FD007CB2DF /* GTMNSString+HTML.h */ = {isa = PBXFileReference; fileEncoding = 4; lastKnownFileType = sourcecode.c.h; path = "GTMNSString+HTML.h"; sourceTree = "<group>"; };
		90AAA7E81A8124FD007CB2DF /* GTMNSString+HTML.m */ = {isa = PBXFileReference; fileEncoding = 4; lastKnownFileType = sourcecode.c.objc; path = "GTMNSString+HTML.m"; sourceTree = "<group>"; };
		90AAA7E91A8124FD007CB2DF /* NSString+HTML.h */ = {isa = PBXFileReference; fileEncoding = 4; lastKnownFileType = sourcecode.c.h; path = "NSString+HTML.h"; sourceTree = "<group>"; };
		90AAA7EA1A8124FD007CB2DF /* NSString+HTML.m */ = {isa = PBXFileReference; fileEncoding = 4; lastKnownFileType = sourcecode.c.objc; path = "NSString+HTML.m"; sourceTree = "<group>"; };
		90AAA7EE1A8125FD007CB2DF /* access.c */ = {isa = PBXFileReference; fileEncoding = 4; lastKnownFileType = sourcecode.c.c; path = access.c; sourceTree = "<group>"; };
		90AAA7EF1A8125FD007CB2DF /* access.h */ = {isa = PBXFileReference; fileEncoding = 4; lastKnownFileType = sourcecode.c.h; path = access.h; sourceTree = "<group>"; };
		90AAA7F01A8125FD007CB2DF /* alloc.c */ = {isa = PBXFileReference; fileEncoding = 4; lastKnownFileType = sourcecode.c.c; path = alloc.c; sourceTree = "<group>"; };
		90AAA7F11A8125FD007CB2DF /* attrask.c */ = {isa = PBXFileReference; fileEncoding = 4; lastKnownFileType = sourcecode.c.c; path = attrask.c; sourceTree = "<group>"; };
		90AAA7F21A8125FD007CB2DF /* attrdict.c */ = {isa = PBXFileReference; fileEncoding = 4; lastKnownFileType = sourcecode.c.c; path = attrdict.c; sourceTree = "<group>"; };
		90AAA7F31A8125FD007CB2DF /* attrdict.h */ = {isa = PBXFileReference; fileEncoding = 4; lastKnownFileType = sourcecode.c.h; path = attrdict.h; sourceTree = "<group>"; };
		90AAA7F41A8125FD007CB2DF /* attrget.c */ = {isa = PBXFileReference; fileEncoding = 4; lastKnownFileType = sourcecode.c.c; path = attrget.c; sourceTree = "<group>"; };
		90AAA7F51A8125FD007CB2DF /* attrs.c */ = {isa = PBXFileReference; fileEncoding = 4; lastKnownFileType = sourcecode.c.c; path = attrs.c; sourceTree = "<group>"; };
		90AAA7F61A8125FD007CB2DF /* attrs.h */ = {isa = PBXFileReference; fileEncoding = 4; lastKnownFileType = sourcecode.c.h; path = attrs.h; sourceTree = "<group>"; };
		90AAA7F71A8125FD007CB2DF /* buffio.c */ = {isa = PBXFileReference; fileEncoding = 4; lastKnownFileType = sourcecode.c.c; path = buffio.c; sourceTree = "<group>"; };
		90AAA7F81A8125FD007CB2DF /* buffio.h */ = {isa = PBXFileReference; fileEncoding = 4; lastKnownFileType = sourcecode.c.h; path = buffio.h; sourceTree = "<group>"; };
		90AAA7F91A8125FD007CB2DF /* charsets.c */ = {isa = PBXFileReference; fileEncoding = 4; lastKnownFileType = sourcecode.c.c; path = charsets.c; sourceTree = "<group>"; };
		90AAA7FA1A8125FD007CB2DF /* charsets.h */ = {isa = PBXFileReference; fileEncoding = 4; lastKnownFileType = sourcecode.c.h; path = charsets.h; sourceTree = "<group>"; };
		90AAA7FB1A8125FD007CB2DF /* clean.c */ = {isa = PBXFileReference; fileEncoding = 4; lastKnownFileType = sourcecode.c.c; path = clean.c; sourceTree = "<group>"; };
		90AAA7FC1A8125FD007CB2DF /* clean.h */ = {isa = PBXFileReference; fileEncoding = 4; lastKnownFileType = sourcecode.c.h; path = clean.h; sourceTree = "<group>"; };
		90AAA7FD1A8125FD007CB2DF /* config.c */ = {isa = PBXFileReference; fileEncoding = 4; lastKnownFileType = sourcecode.c.c; path = config.c; sourceTree = "<group>"; };
		90AAA7FE1A8125FD007CB2DF /* config.h */ = {isa = PBXFileReference; fileEncoding = 4; lastKnownFileType = sourcecode.c.h; path = config.h; sourceTree = "<group>"; };
		90AAA7FF1A8125FD007CB2DF /* CTidy.h */ = {isa = PBXFileReference; fileEncoding = 4; lastKnownFileType = sourcecode.c.h; path = CTidy.h; sourceTree = "<group>"; };
		90AAA8001A8125FD007CB2DF /* CTidy.m */ = {isa = PBXFileReference; fileEncoding = 4; lastKnownFileType = sourcecode.c.objc; path = CTidy.m; sourceTree = "<group>"; };
		90AAA8011A8125FD007CB2DF /* entities.c */ = {isa = PBXFileReference; fileEncoding = 4; lastKnownFileType = sourcecode.c.c; path = entities.c; sourceTree = "<group>"; };
		90AAA8021A8125FD007CB2DF /* entities.h */ = {isa = PBXFileReference; fileEncoding = 4; lastKnownFileType = sourcecode.c.h; path = entities.h; sourceTree = "<group>"; };
		90AAA8031A8125FD007CB2DF /* fileio.c */ = {isa = PBXFileReference; fileEncoding = 4; lastKnownFileType = sourcecode.c.c; path = fileio.c; sourceTree = "<group>"; };
		90AAA8041A8125FD007CB2DF /* fileio.h */ = {isa = PBXFileReference; fileEncoding = 4; lastKnownFileType = sourcecode.c.h; path = fileio.h; sourceTree = "<group>"; };
		90AAA8051A8125FD007CB2DF /* forward.h */ = {isa = PBXFileReference; fileEncoding = 4; lastKnownFileType = sourcecode.c.h; path = forward.h; sourceTree = "<group>"; };
		90AAA8061A8125FD007CB2DF /* iconvtc.c */ = {isa = PBXFileReference; fileEncoding = 4; lastKnownFileType = sourcecode.c.c; path = iconvtc.c; sourceTree = "<group>"; };
		90AAA8071A8125FD007CB2DF /* iconvtc.h */ = {isa = PBXFileReference; fileEncoding = 4; lastKnownFileType = sourcecode.c.h; path = iconvtc.h; sourceTree = "<group>"; };
		90AAA8081A8125FD007CB2DF /* istack.c */ = {isa = PBXFileReference; fileEncoding = 4; lastKnownFileType = sourcecode.c.c; path = istack.c; sourceTree = "<group>"; };
		90AAA8091A8125FD007CB2DF /* lexer.c */ = {isa = PBXFileReference; fileEncoding = 4; lastKnownFileType = sourcecode.c.c; path = lexer.c; sourceTree = "<group>"; };
		90AAA80A1A8125FD007CB2DF /* lexer.h */ = {isa = PBXFileReference; fileEncoding = 4; lastKnownFileType = sourcecode.c.h; path = lexer.h; sourceTree = "<group>"; };
		90AAA80B1A8125FD007CB2DF /* localize.c */ = {isa = PBXFileReference; fileEncoding = 4; lastKnownFileType = sourcecode.c.c; path = localize.c; sourceTree = "<group>"; };
		90AAA80C1A8125FD007CB2DF /* mappedio.c */ = {isa = PBXFileReference; fileEncoding = 4; lastKnownFileType = sourcecode.c.c; path = mappedio.c; sourceTree = "<group>"; };
		90AAA80D1A8125FD007CB2DF /* mappedio.h */ = {isa = PBXFileReference; fileEncoding = 4; lastKnownFileType = sourcecode.c.h; path = mappedio.h; sourceTree = "<group>"; };
		90AAA80E1A8125FD007CB2DF /* message.h */ = {isa = PBXFileReference; fileEncoding = 4; lastKnownFileType = sourcecode.c.h; path = message.h; sourceTree = "<group>"; };
		90AAA80F1A8125FD007CB2DF /* parser.c */ = {isa = PBXFileReference; fileEncoding = 4; lastKnownFileType = sourcecode.c.c; path = parser.c; sourceTree = "<group>"; };
		90AAA8101A8125FD007CB2DF /* parser.h */ = {isa = PBXFileReference; fileEncoding = 4; lastKnownFileType = sourcecode.c.h; path = parser.h; sourceTree = "<group>"; };
		90AAA8111A8125FD007CB2DF /* platform.h */ = {isa = PBXFileReference; fileEncoding = 4; lastKnownFileType = sourcecode.c.h; path = platform.h; sourceTree = "<group>"; };
		90AAA8121A8125FD007CB2DF /* pprint.c */ = {isa = PBXFileReference; fileEncoding = 4; lastKnownFileType = sourcecode.c.c; path = pprint.c; sourceTree = "<group>"; };
		90AAA8131A8125FD007CB2DF /* pprint.h */ = {isa = PBXFileReference; fileEncoding = 4; lastKnownFileType = sourcecode.c.h; path = pprint.h; sourceTree = "<group>"; };
		90AAA8141A8125FD007CB2DF /* streamio.c */ = {isa = PBXFileReference; fileEncoding = 4; lastKnownFileType = sourcecode.c.c; path = streamio.c; sourceTree = "<group>"; };
		90AAA8151A8125FD007CB2DF /* streamio.h */ = {isa = PBXFileReference; fileEncoding = 4; lastKnownFileType = sourcecode.c.h; path = streamio.h; sourceTree = "<group>"; };
		90AAA8161A8125FD007CB2DF /* tagask.c */ = {isa = PBXFileReference; fileEncoding = 4; lastKnownFileType = sourcecode.c.c; path = tagask.c; sourceTree = "<group>"; };
		90AAA8171A8125FD007CB2DF /* tags.c */ = {isa = PBXFileReference; fileEncoding = 4; lastKnownFileType = sourcecode.c.c; path = tags.c; sourceTree = "<group>"; };
		90AAA8181A8125FD007CB2DF /* tags.h */ = {isa = PBXFileReference; fileEncoding = 4; lastKnownFileType = sourcecode.c.h; path = tags.h; sourceTree = "<group>"; };
		90AAA8191A8125FD007CB2DF /* tidy-int.h */ = {isa = PBXFileReference; fileEncoding = 4; lastKnownFileType = sourcecode.c.h; path = "tidy-int.h"; sourceTree = "<group>"; };
		90AAA81A1A8125FD007CB2DF /* tidy.h */ = {isa = PBXFileReference; fileEncoding = 4; lastKnownFileType = sourcecode.c.h; path = tidy.h; sourceTree = "<group>"; };
		90AAA81B1A8125FD007CB2DF /* tidyenum.h */ = {isa = PBXFileReference; fileEncoding = 4; lastKnownFileType = sourcecode.c.h; path = tidyenum.h; sourceTree = "<group>"; };
		90AAA81C1A8125FD007CB2DF /* tidylib.c */ = {isa = PBXFileReference; fileEncoding = 4; lastKnownFileType = sourcecode.c.c; path = tidylib.c; sourceTree = "<group>"; };
		90AAA81D1A8125FD007CB2DF /* tmbstr.c */ = {isa = PBXFileReference; fileEncoding = 4; lastKnownFileType = sourcecode.c.c; path = tmbstr.c; sourceTree = "<group>"; };
		90AAA81E1A8125FD007CB2DF /* tmbstr.h */ = {isa = PBXFileReference; fileEncoding = 4; lastKnownFileType = sourcecode.c.h; path = tmbstr.h; sourceTree = "<group>"; };
		90AAA81F1A8125FD007CB2DF /* utf8.c */ = {isa = PBXFileReference; fileEncoding = 4; lastKnownFileType = sourcecode.c.c; path = utf8.c; sourceTree = "<group>"; };
		90AAA8201A8125FD007CB2DF /* utf8.h */ = {isa = PBXFileReference; fileEncoding = 4; lastKnownFileType = sourcecode.c.h; path = utf8.h; sourceTree = "<group>"; };
		90AAA8211A8125FD007CB2DF /* version.h */ = {isa = PBXFileReference; fileEncoding = 4; lastKnownFileType = sourcecode.c.h; path = version.h; sourceTree = "<group>"; };
		90AAA8221A8125FD007CB2DF /* win32tc.c */ = {isa = PBXFileReference; fileEncoding = 4; lastKnownFileType = sourcecode.c.c; path = win32tc.c; sourceTree = "<group>"; };
		90AAA8231A8125FD007CB2DF /* win32tc.h */ = {isa = PBXFileReference; fileEncoding = 4; lastKnownFileType = sourcecode.c.h; path = win32tc.h; sourceTree = "<group>"; };
		90E5EC3C1B1DAC4500DB6799 /* Images.xcassets */ = {isa = PBXFileReference; lastKnownFileType = folder.assetcatalog; path = Images.xcassets; sourceTree = "<group>"; };
		90E7265517B5757B00476517 /* MTableViewCell.xib */ = {isa = PBXFileReference; fileEncoding = 4; lastKnownFileType = file.xib; path = MTableViewCell.xib; sourceTree = "<group>"; };
		90F960BC17B5661A001E2270 /* cnblogsNews.app */ = {isa = PBXFileReference; explicitFileType = wrapper.application; includeInIndex = 0; path = cnblogsNews.app; sourceTree = BUILT_PRODUCTS_DIR; };
		90F960BF17B5661A001E2270 /* UIKit.framework */ = {isa = PBXFileReference; lastKnownFileType = wrapper.framework; name = UIKit.framework; path = System/Library/Frameworks/UIKit.framework; sourceTree = SDKROOT; };
		90F960C117B5661A001E2270 /* Foundation.framework */ = {isa = PBXFileReference; lastKnownFileType = wrapper.framework; name = Foundation.framework; path = System/Library/Frameworks/Foundation.framework; sourceTree = SDKROOT; };
		90F960C317B5661A001E2270 /* CoreGraphics.framework */ = {isa = PBXFileReference; lastKnownFileType = wrapper.framework; name = CoreGraphics.framework; path = System/Library/Frameworks/CoreGraphics.framework; sourceTree = SDKROOT; };
		90F960C717B5661A001E2270 /* cnblogsNews-Info.plist */ = {isa = PBXFileReference; lastKnownFileType = text.plist.xml; path = "cnblogsNews-Info.plist"; sourceTree = "<group>"; };
		90F960CB17B5661A001E2270 /* main.m */ = {isa = PBXFileReference; lastKnownFileType = sourcecode.c.objc; path = main.m; sourceTree = "<group>"; };
		90F960CD17B5661A001E2270 /* cnblogsNews-Prefix.pch */ = {isa = PBXFileReference; lastKnownFileType = sourcecode.c.h; path = "cnblogsNews-Prefix.pch"; sourceTree = "<group>"; };
		90F960CE17B5661A001E2270 /* AppDelegate.h */ = {isa = PBXFileReference; lastKnownFileType = sourcecode.c.h; path = AppDelegate.h; sourceTree = "<group>"; };
		90F960CF17B5661A001E2270 /* AppDelegate.m */ = {isa = PBXFileReference; lastKnownFileType = sourcecode.c.objc; path = AppDelegate.m; sourceTree = "<group>"; };
		90F960DC17B568EB001E2270 /* Constants.h */ = {isa = PBXFileReference; fileEncoding = 4; lastKnownFileType = sourcecode.c.h; path = Constants.h; sourceTree = "<group>"; };
		90F960E117B56A7D001E2270 /* MainViewController.h */ = {isa = PBXFileReference; fileEncoding = 4; lastKnownFileType = sourcecode.c.h; path = MainViewController.h; sourceTree = "<group>"; };
		90F960E217B56A7D001E2270 /* MainViewController.m */ = {isa = PBXFileReference; fileEncoding = 4; lastKnownFileType = sourcecode.c.objc; path = MainViewController.m; sourceTree = "<group>"; };
		90F960E317B56A7D001E2270 /* MTableViewCell.h */ = {isa = PBXFileReference; fileEncoding = 4; lastKnownFileType = sourcecode.c.h; path = MTableViewCell.h; sourceTree = "<group>"; };
		90F960E417B56A7D001E2270 /* MTableViewCell.m */ = {isa = PBXFileReference; fileEncoding = 4; lastKnownFileType = sourcecode.c.objc; path = MTableViewCell.m; sourceTree = "<group>"; };
		90F960E517B56A7D001E2270 /* NewsDetailViewController.h */ = {isa = PBXFileReference; fileEncoding = 4; lastKnownFileType = sourcecode.c.h; path = NewsDetailViewController.h; sourceTree = "<group>"; };
		90F960E617B56A7D001E2270 /* NewsDetailViewController.m */ = {isa = PBXFileReference; fileEncoding = 4; lastKnownFileType = sourcecode.c.objc; path = NewsDetailViewController.m; sourceTree = "<group>"; };
		90F960EE17B56AF1001E2270 /* en */ = {isa = PBXFileReference; lastKnownFileType = text.plist.strings; name = en; path = en.lproj/InfoPlist.strings; sourceTree = "<group>"; };
		90F960F017B56AF1001E2270 /* en */ = {isa = PBXFileReference; lastKnownFileType = text.plist.strings; name = en; path = en.lproj/Localizable.strings; sourceTree = "<group>"; };
		90F960F317B56B2C001E2270 /* zh-Hans */ = {isa = PBXFileReference; lastKnownFileType = text.plist.strings; name = "zh-Hans"; path = "zh-Hans.lproj/InfoPlist.strings"; sourceTree = "<group>"; };
		90F960F417B56B2C001E2270 /* zh-Hans */ = {isa = PBXFileReference; lastKnownFileType = text.plist.strings; name = "zh-Hans"; path = "zh-Hans.lproj/Localizable.strings"; sourceTree = "<group>"; };
		90F960F517B56B34001E2270 /* zh-Hant */ = {isa = PBXFileReference; lastKnownFileType = text.plist.strings; name = "zh-Hant"; path = "zh-Hant.lproj/InfoPlist.strings"; sourceTree = "<group>"; };
		90F960F617B56B34001E2270 /* zh-Hant */ = {isa = PBXFileReference; lastKnownFileType = text.plist.strings; name = "zh-Hant"; path = "zh-Hant.lproj/Localizable.strings"; sourceTree = "<group>"; };
		90F960FF17B56B5B001E2270 /* DarkCellBg.png */ = {isa = PBXFileReference; lastKnownFileType = image.png; path = DarkCellBg.png; sourceTree = "<group>"; };
		90F9610017B56B5B001E2270 /* DarkCellBg@2x.png */ = {isa = PBXFileReference; lastKnownFileType = image.png; path = "DarkCellBg@2x.png"; sourceTree = "<group>"; };
		90F9610717B56B5B001E2270 /* LightCellBg.png */ = {isa = PBXFileReference; lastKnownFileType = image.png; path = LightCellBg.png; sourceTree = "<group>"; };
		90F9610817B56B5B001E2270 /* LightCellBg@2x.png */ = {isa = PBXFileReference; lastKnownFileType = image.png; path = "LightCellBg@2x.png"; sourceTree = "<group>"; };
		90F9611F17B57056001E2270 /* libz.dylib */ = {isa = PBXFileReference; lastKnownFileType = "compiled.mach-o.dylib"; name = libz.dylib; path = usr/lib/libz.dylib; sourceTree = SDKROOT; };
		90F9612117B57075001E2270 /* iAd.framework */ = {isa = PBXFileReference; lastKnownFileType = wrapper.framework; name = iAd.framework; path = System/Library/Frameworks/iAd.framework; sourceTree = SDKROOT; };
		FC14F1A0AF0F4504B9D97151 /* libPods.a */ = {isa = PBXFileReference; explicitFileType = archive.ar; includeInIndex = 0; path = libPods.a; sourceTree = BUILT_PRODUCTS_DIR; };
/* End PBXFileReference section */

/* Begin PBXFrameworksBuildPhase section */
		90F960B917B5661A001E2270 /* Frameworks */ = {
			isa = PBXFrameworksBuildPhase;
			buildActionMask = 2147483647;
			files = (
				907A25AF1837BA2E009B45E4 /* libsqlite3.dylib in Frameworks */,
				907A25AD1837BA27009B45E4 /* libstdc++.dylib in Frameworks */,
				907A25AB1837BA12009B45E4 /* libz.1.2.5.dylib in Frameworks */,
				907A25A91837BA09009B45E4 /* libicucore.dylib in Frameworks */,
				907A25A71837B9E6009B45E4 /* MessageUI.framework in Frameworks */,
				907A25A51837B9DE009B45E4 /* CoreTelephony.framework in Frameworks */,
				907A25A31837B9CF009B45E4 /* SystemConfiguration.framework in Frameworks */,
				90F9612217B57075001E2270 /* iAd.framework in Frameworks */,
				90F9612017B57056001E2270 /* libz.dylib in Frameworks */,
				90F960C017B5661A001E2270 /* UIKit.framework in Frameworks */,
				90F960C217B5661A001E2270 /* Foundation.framework in Frameworks */,
				90F960C417B5661A001E2270 /* CoreGraphics.framework in Frameworks */,
				F2C6E919D5B84531B03D5ED8 /* libPods.a in Frameworks */,
			);
			runOnlyForDeploymentPostprocessing = 0;
		};
/* End PBXFrameworksBuildPhase section */

/* Begin PBXGroup section */
		367FBCE751FCA802EB422E30 /* Pods */ = {
			isa = PBXGroup;
			children = (
				5F6EE287A9F174583875BE3A /* Pods.debug.xcconfig */,
				124086B810B43DD88289CE9E /* Pods.release.xcconfig */,
			);
			name = Pods;
			sourceTree = "<group>";
		};
		90AAA7E31A8124EF007CB2DF /* External */ = {
			isa = PBXGroup;
			children = (
				90AAA7E41A8124FD007CB2DF /* HTMLToENML */,
			);
			name = External;
			sourceTree = "<group>";
		};
		90AAA7E41A8124FD007CB2DF /* HTMLToENML */ = {
			isa = PBXGroup;
			children = (
				90AAA7E51A8124FD007CB2DF /* DNEvernoteUtil.h */,
				90AAA7E61A8124FD007CB2DF /* DNEvernoteUtil.m */,
				90AAA7E71A8124FD007CB2DF /* GTMNSString+HTML.h */,
				90AAA7E81A8124FD007CB2DF /* GTMNSString+HTML.m */,
				90AAA7E91A8124FD007CB2DF /* NSString+HTML.h */,
				90AAA7EA1A8124FD007CB2DF /* NSString+HTML.m */,
				90AAA7EE1A8125FD007CB2DF /* access.c */,
				90AAA7EF1A8125FD007CB2DF /* access.h */,
				90AAA7F01A8125FD007CB2DF /* alloc.c */,
				90AAA7F11A8125FD007CB2DF /* attrask.c */,
				90AAA7F21A8125FD007CB2DF /* attrdict.c */,
				90AAA7F31A8125FD007CB2DF /* attrdict.h */,
				90AAA7F41A8125FD007CB2DF /* attrget.c */,
				90AAA7F51A8125FD007CB2DF /* attrs.c */,
				90AAA7F61A8125FD007CB2DF /* attrs.h */,
				90AAA7F71A8125FD007CB2DF /* buffio.c */,
				90AAA7F81A8125FD007CB2DF /* buffio.h */,
				90AAA7F91A8125FD007CB2DF /* charsets.c */,
				90AAA7FA1A8125FD007CB2DF /* charsets.h */,
				90AAA7FB1A8125FD007CB2DF /* clean.c */,
				90AAA7FC1A8125FD007CB2DF /* clean.h */,
				90AAA7FD1A8125FD007CB2DF /* config.c */,
				90AAA7FE1A8125FD007CB2DF /* config.h */,
				90AAA7FF1A8125FD007CB2DF /* CTidy.h */,
				90AAA8001A8125FD007CB2DF /* CTidy.m */,
				90AAA8011A8125FD007CB2DF /* entities.c */,
				90AAA8021A8125FD007CB2DF /* entities.h */,
				90AAA8031A8125FD007CB2DF /* fileio.c */,
				90AAA8041A8125FD007CB2DF /* fileio.h */,
				90AAA8051A8125FD007CB2DF /* forward.h */,
				90AAA8061A8125FD007CB2DF /* iconvtc.c */,
				90AAA8071A8125FD007CB2DF /* iconvtc.h */,
				90AAA8081A8125FD007CB2DF /* istack.c */,
				90AAA8091A8125FD007CB2DF /* lexer.c */,
				90AAA80A1A8125FD007CB2DF /* lexer.h */,
				90AAA80B1A8125FD007CB2DF /* localize.c */,
				90AAA80C1A8125FD007CB2DF /* mappedio.c */,
				90AAA80D1A8125FD007CB2DF /* mappedio.h */,
				90AAA80E1A8125FD007CB2DF /* message.h */,
				90AAA80F1A8125FD007CB2DF /* parser.c */,
				90AAA8101A8125FD007CB2DF /* parser.h */,
				90AAA8111A8125FD007CB2DF /* platform.h */,
				90AAA8121A8125FD007CB2DF /* pprint.c */,
				90AAA8131A8125FD007CB2DF /* pprint.h */,
				90AAA8141A8125FD007CB2DF /* streamio.c */,
				90AAA8151A8125FD007CB2DF /* streamio.h */,
				90AAA8161A8125FD007CB2DF /* tagask.c */,
				90AAA8171A8125FD007CB2DF /* tags.c */,
				90AAA8181A8125FD007CB2DF /* tags.h */,
				90AAA8191A8125FD007CB2DF /* tidy-int.h */,
				90AAA81A1A8125FD007CB2DF /* tidy.h */,
				90AAA81B1A8125FD007CB2DF /* tidyenum.h */,
				90AAA81C1A8125FD007CB2DF /* tidylib.c */,
				90AAA81D1A8125FD007CB2DF /* tmbstr.c */,
				90AAA81E1A8125FD007CB2DF /* tmbstr.h */,
				90AAA81F1A8125FD007CB2DF /* utf8.c */,
				90AAA8201A8125FD007CB2DF /* utf8.h */,
				90AAA8211A8125FD007CB2DF /* version.h */,
				90AAA8221A8125FD007CB2DF /* win32tc.c */,
				90AAA8231A8125FD007CB2DF /* win32tc.h */,
			);
			name = HTMLToENML;
			path = External/HTMLToENML;
			sourceTree = "<group>";
		};
		90F960B317B5661A001E2270 = {
			isa = PBXGroup;
			children = (
				90F960C517B5661A001E2270 /* cnblogsNews */,
				90F960BE17B5661A001E2270 /* Frameworks */,
				90F960BD17B5661A001E2270 /* Products */,
				367FBCE751FCA802EB422E30 /* Pods */,
			);
			sourceTree = "<group>";
		};
		90F960BD17B5661A001E2270 /* Products */ = {
			isa = PBXGroup;
			children = (
				90F960BC17B5661A001E2270 /* cnblogsNews.app */,
			);
			name = Products;
			sourceTree = "<group>";
		};
		90F960BE17B5661A001E2270 /* Frameworks */ = {
			isa = PBXGroup;
			children = (
				907A25AE1837BA2E009B45E4 /* libsqlite3.dylib */,
				907A25AC1837BA27009B45E4 /* libstdc++.dylib */,
				90F9611F17B57056001E2270 /* libz.dylib */,
				907A25AA1837BA12009B45E4 /* libz.1.2.5.dylib */,
				907A25A81837BA09009B45E4 /* libicucore.dylib */,
				907A25A61837B9E6009B45E4 /* MessageUI.framework */,
				907A25A41837B9DE009B45E4 /* CoreTelephony.framework */,
				907A25A21837B9CF009B45E4 /* SystemConfiguration.framework */,
				90F9612117B57075001E2270 /* iAd.framework */,
				90F960BF17B5661A001E2270 /* UIKit.framework */,
				90F960C117B5661A001E2270 /* Foundation.framework */,
				90F960C317B5661A001E2270 /* CoreGraphics.framework */,
				FC14F1A0AF0F4504B9D97151 /* libPods.a */,
			);
			name = Frameworks;
			sourceTree = "<group>";
		};
		90F960C517B5661A001E2270 /* cnblogsNews */ = {
			isa = PBXGroup;
			children = (
				90F960CE17B5661A001E2270 /* AppDelegate.h */,
				90F960CF17B5661A001E2270 /* AppDelegate.m */,
				90F960DC17B568EB001E2270 /* Constants.h */,
				90F960E117B56A7D001E2270 /* MainViewController.h */,
				90F960E217B56A7D001E2270 /* MainViewController.m */,
				90F960E317B56A7D001E2270 /* MTableViewCell.h */,
				90F960E417B56A7D001E2270 /* MTableViewCell.m */,
				90F960E517B56A7D001E2270 /* NewsDetailViewController.h */,
				90F960E617B56A7D001E2270 /* NewsDetailViewController.m */,
				90AAA7E31A8124EF007CB2DF /* External */,
				90F960F717B56B5B001E2270 /* Resouces */,
				90E5EC3C1B1DAC4500DB6799 /* Images.xcassets */,
				90F960C617B5661A001E2270 /* Supporting Files */,
			);
			path = cnblogsNews;
			sourceTree = "<group>";
		};
		90F960C617B5661A001E2270 /* Supporting Files */ = {
			isa = PBXGroup;
			children = (
				90F960ED17B56AF1001E2270 /* InfoPlist.strings */,
				90F960EF17B56AF1001E2270 /* Localizable.strings */,
				90F960C717B5661A001E2270 /* cnblogsNews-Info.plist */,
				90F960CB17B5661A001E2270 /* main.m */,
				90F960CD17B5661A001E2270 /* cnblogsNews-Prefix.pch */,
			);
			name = "Supporting Files";
			sourceTree = "<group>";
		};
		90F960F717B56B5B001E2270 /* Resouces */ = {
			isa = PBXGroup;
			children = (
				90E7265517B5757B00476517 /* MTableViewCell.xib */,
				90F960F817B56B5B001E2270 /* Images */,
			);
			path = Resouces;
			sourceTree = "<group>";
		};
		90F960F817B56B5B001E2270 /* Images */ = {
			isa = PBXGroup;
			children = (
				90F960FF17B56B5B001E2270 /* DarkCellBg.png */,
				90F9610017B56B5B001E2270 /* DarkCellBg@2x.png */,
				90F9610717B56B5B001E2270 /* LightCellBg.png */,
				90F9610817B56B5B001E2270 /* LightCellBg@2x.png */,
			);
			path = Images;
			sourceTree = "<group>";
		};
/* End PBXGroup section */

/* Begin PBXNativeTarget section */
		90F960BB17B5661A001E2270 /* cnblogsNews */ = {
			isa = PBXNativeTarget;
			buildConfigurationList = 90F960D917B5661A001E2270 /* Build configuration list for PBXNativeTarget "cnblogsNews" */;
			buildPhases = (
				3C21A6AD290D45D681E239AA /* Check Pods Manifest.lock */,
				90F960B817B5661A001E2270 /* Sources */,
				90F960B917B5661A001E2270 /* Frameworks */,
				90F960BA17B5661A001E2270 /* Resources */,
				F1BD58C998F94C56B3EB821C /* Copy Pods Resources */,
				90AAA83F1A8129F7007CB2DF /* ShellScript */,
			);
			buildRules = (
			);
			dependencies = (
			);
			name = cnblogsNews;
			productName = cnblogsNews;
			productReference = 90F960BC17B5661A001E2270 /* cnblogsNews.app */;
			productType = "com.apple.product-type.application";
		};
/* End PBXNativeTarget section */

/* Begin PBXProject section */
		90F960B417B5661A001E2270 /* Project object */ = {
			isa = PBXProject;
			attributes = {
				LastUpgradeCheck = 0460;
				ORGANIZATIONNAME = SenseForce;
				TargetAttributes = {
					90F960BB17B5661A001E2270 = {
						DevelopmentTeam = DW6YCKY3X4;
					};
				};
			};
			buildConfigurationList = 90F960B717B5661A001E2270 /* Build configuration list for PBXProject "cnblogsNews" */;
			compatibilityVersion = "Xcode 3.2";
			developmentRegion = English;
			hasScannedForEncodings = 0;
			knownRegions = (
				en,
				"zh-Hans",
				"zh-Hant",
			);
			mainGroup = 90F960B317B5661A001E2270;
			productRefGroup = 90F960BD17B5661A001E2270 /* Products */;
			projectDirPath = "";
			projectRoot = "";
			targets = (
				90F960BB17B5661A001E2270 /* cnblogsNews */,
			);
		};
/* End PBXProject section */

/* Begin PBXResourcesBuildPhase section */
		90F960BA17B5661A001E2270 /* Resources */ = {
			isa = PBXResourcesBuildPhase;
			buildActionMask = 2147483647;
			files = (
				90F960F117B56AF1001E2270 /* InfoPlist.strings in Resources */,
				90F960F217B56AF1001E2270 /* Localizable.strings in Resources */,
				90E5EC3D1B1DAC4500DB6799 /* Images.xcassets in Resources */,
				90F9611217B56B5B001E2270 /* DarkCellBg.png in Resources */,
				90F9611317B56B5B001E2270 /* DarkCellBg@2x.png in Resources */,
				90F9611A17B56B5B001E2270 /* LightCellBg.png in Resources */,
				90F9611B17B56B5B001E2270 /* LightCellBg@2x.png in Resources */,
				90E7265617B5757B00476517 /* MTableViewCell.xib in Resources */,
			);
			runOnlyForDeploymentPostprocessing = 0;
		};
/* End PBXResourcesBuildPhase section */

/* Begin PBXShellScriptBuildPhase section */
		3C21A6AD290D45D681E239AA /* Check Pods Manifest.lock */ = {
			isa = PBXShellScriptBuildPhase;
			buildActionMask = 2147483647;
			files = (
			);
			inputPaths = (
			);
			name = "Check Pods Manifest.lock";
			outputPaths = (
			);
			runOnlyForDeploymentPostprocessing = 0;
			shellPath = /bin/sh;
			shellScript = "diff \"${PODS_ROOT}/../Podfile.lock\" \"${PODS_ROOT}/Manifest.lock\" > /dev/null\nif [[ $? != 0 ]] ; then\n    cat << EOM\nerror: The sandbox is not in sync with the Podfile.lock. Run 'pod install' or update your CocoaPods installation.\nEOM\n    exit 1\nfi\n";
			showEnvVarsInLog = 0;
		};
		90AAA83F1A8129F7007CB2DF /* ShellScript */ = {
			isa = PBXShellScriptBuildPhase;
			buildActionMask = 2147483647;
			files = (
			);
			inputPaths = (
			);
			outputPaths = (
			);
			runOnlyForDeploymentPostprocessing = 0;
			shellPath = /bin/sh;
			shellScript = "REV=`date +%y%m%d%H`\n\n/usr/libexec/PlistBuddy -c \"Set :CFBundleVersion ${REV}\" \"${TARGET_BUILD_DIR}\"/${INFOPLIST_PATH}\n";
		};
		F1BD58C998F94C56B3EB821C /* Copy Pods Resources */ = {
			isa = PBXShellScriptBuildPhase;
			buildActionMask = 2147483647;
			files = (
			);
			inputPaths = (
			);
			name = "Copy Pods Resources";
			outputPaths = (
			);
			runOnlyForDeploymentPostprocessing = 0;
			shellPath = /bin/sh;
			shellScript = "\"${SRCROOT}/Pods/Target Support Files/Pods/Pods-resources.sh\"\n";
			showEnvVarsInLog = 0;
		};
/* End PBXShellScriptBuildPhase section */

/* Begin PBXSourcesBuildPhase section */
		90F960B817B5661A001E2270 /* Sources */ = {
			isa = PBXSourcesBuildPhase;
			buildActionMask = 2147483647;
			files = (
				90AAA83D1A8125FE007CB2DF /* utf8.c in Sources */,
				90AAA8331A8125FE007CB2DF /* lexer.c in Sources */,
				90AAA82F1A8125FE007CB2DF /* entities.c in Sources */,
				90F960CC17B5661A001E2270 /* main.m in Sources */,
				90F960D017B5661A001E2270 /* AppDelegate.m in Sources */,
				90AAA7ED1A8124FD007CB2DF /* NSString+HTML.m in Sources */,
				90AAA8251A8125FE007CB2DF /* alloc.c in Sources */,
				90AAA8371A8125FE007CB2DF /* pprint.c in Sources */,
				90AAA83C1A8125FE007CB2DF /* tmbstr.c in Sources */,
				90F960E917B56A7D001E2270 /* MainViewController.m in Sources */,
				90AAA8311A8125FE007CB2DF /* iconvtc.c in Sources */,
				90AAA8351A8125FE007CB2DF /* mappedio.c in Sources */,
				90F960EA17B56A7D001E2270 /* MTableViewCell.m in Sources */,
				90AAA83B1A8125FE007CB2DF /* tidylib.c in Sources */,
				90AAA82C1A8125FE007CB2DF /* clean.c in Sources */,
				90AAA82E1A8125FE007CB2DF /* CTidy.m in Sources */,
				90AAA8271A8125FE007CB2DF /* attrdict.c in Sources */,
				90AAA8361A8125FE007CB2DF /* parser.c in Sources */,
				90AAA83A1A8125FE007CB2DF /* tags.c in Sources */,
				90AAA83E1A8125FE007CB2DF /* win32tc.c in Sources */,
				90AAA8381A8125FE007CB2DF /* streamio.c in Sources */,
				90AAA8391A8125FE007CB2DF /* tagask.c in Sources */,
				90AAA8261A8125FE007CB2DF /* attrask.c in Sources */,
				90AAA82B1A8125FE007CB2DF /* charsets.c in Sources */,
				90AAA82A1A8125FE007CB2DF /* buffio.c in Sources */,
				90AAA8241A8125FE007CB2DF /* access.c in Sources */,
				90F960EB17B56A7D001E2270 /* NewsDetailViewController.m in Sources */,
				90AAA8321A8125FE007CB2DF /* istack.c in Sources */,
				90AAA82D1A8125FE007CB2DF /* config.c in Sources */,
				90AAA8291A8125FE007CB2DF /* attrs.c in Sources */,
				90AAA8301A8125FE007CB2DF /* fileio.c in Sources */,
				90AAA7EB1A8124FD007CB2DF /* DNEvernoteUtil.m in Sources */,
				90AAA8281A8125FE007CB2DF /* attrget.c in Sources */,
				90AAA8341A8125FE007CB2DF /* localize.c in Sources */,
				90AAA7EC1A8124FD007CB2DF /* GTMNSString+HTML.m in Sources */,
			);
			runOnlyForDeploymentPostprocessing = 0;
		};
/* End PBXSourcesBuildPhase section */

/* Begin PBXVariantGroup section */
		90F960ED17B56AF1001E2270 /* InfoPlist.strings */ = {
			isa = PBXVariantGroup;
			children = (
				90F960EE17B56AF1001E2270 /* en */,
				90F960F317B56B2C001E2270 /* zh-Hans */,
				90F960F517B56B34001E2270 /* zh-Hant */,
			);
			name = InfoPlist.strings;
			sourceTree = "<group>";
		};
		90F960EF17B56AF1001E2270 /* Localizable.strings */ = {
			isa = PBXVariantGroup;
			children = (
				90F960F017B56AF1001E2270 /* en */,
				90F960F417B56B2C001E2270 /* zh-Hans */,
				90F960F617B56B34001E2270 /* zh-Hant */,
			);
			name = Localizable.strings;
			sourceTree = "<group>";
		};
/* End PBXVariantGroup section */

/* Begin XCBuildConfiguration section */
		90F960D717B5661A001E2270 /* Debug */ = {
			isa = XCBuildConfiguration;
			buildSettings = {
				ALWAYS_SEARCH_USER_PATHS = NO;
				CLANG_CXX_LANGUAGE_STANDARD = "gnu++0x";
				CLANG_CXX_LIBRARY = "libc++";
				CLANG_ENABLE_OBJC_ARC = YES;
				CLANG_WARN_CONSTANT_CONVERSION = YES;
				CLANG_WARN_EMPTY_BODY = YES;
				CLANG_WARN_ENUM_CONVERSION = YES;
				CLANG_WARN_INT_CONVERSION = YES;
				CLANG_WARN__DUPLICATE_METHOD_MATCH = YES;
				CODE_SIGN_IDENTITY = "iPhone Developer";
				"CODE_SIGN_IDENTITY[sdk=iphoneos*]" = "iPhone Developer";
				COPY_PHASE_STRIP = NO;
				GCC_C_LANGUAGE_STANDARD = gnu99;
				GCC_DYNAMIC_NO_PIC = NO;
				GCC_OPTIMIZATION_LEVEL = 0;
				GCC_PREPROCESSOR_DEFINITIONS = (
					"DEBUG=1",
					"$(inherited)",
				);
				GCC_SYMBOLS_PRIVATE_EXTERN = NO;
				GCC_WARN_ABOUT_RETURN_TYPE = YES;
				GCC_WARN_UNINITIALIZED_AUTOS = YES;
				GCC_WARN_UNUSED_VARIABLE = YES;
				IPHONEOS_DEPLOYMENT_TARGET = 5.0;
				ONLY_ACTIVE_ARCH = YES;
				PROVISIONING_PROFILE = "";
				"PROVISIONING_PROFILE[sdk=iphoneos*]" = "";
				SDKROOT = iphoneos;
				TARGETED_DEVICE_FAMILY = "1,2";
			};
			name = Debug;
		};
		90F960D817B5661A001E2270 /* Release */ = {
			isa = XCBuildConfiguration;
			buildSettings = {
				ALWAYS_SEARCH_USER_PATHS = NO;
				CLANG_CXX_LANGUAGE_STANDARD = "gnu++0x";
				CLANG_CXX_LIBRARY = "libc++";
				CLANG_ENABLE_OBJC_ARC = YES;
				CLANG_WARN_CONSTANT_CONVERSION = YES;
				CLANG_WARN_EMPTY_BODY = YES;
				CLANG_WARN_ENUM_CONVERSION = YES;
				CLANG_WARN_INT_CONVERSION = YES;
				CLANG_WARN__DUPLICATE_METHOD_MATCH = YES;
				CODE_SIGN_IDENTITY = "iPhone Distribution";
				"CODE_SIGN_IDENTITY[sdk=iphoneos*]" = "iPhone Distribution";
				COPY_PHASE_STRIP = YES;
				GCC_C_LANGUAGE_STANDARD = gnu99;
				GCC_WARN_ABOUT_RETURN_TYPE = YES;
				GCC_WARN_UNINITIALIZED_AUTOS = YES;
				GCC_WARN_UNUSED_VARIABLE = YES;
				IPHONEOS_DEPLOYMENT_TARGET = 5.0;
				OTHER_CFLAGS = "-DNS_BLOCK_ASSERTIONS=1";
				PROVISIONING_PROFILE = "";
				"PROVISIONING_PROFILE[sdk=iphoneos*]" = "";
				SDKROOT = iphoneos;
				TARGETED_DEVICE_FAMILY = "1,2";
				VALIDATE_PRODUCT = YES;
			};
			name = Release;
		};
		90F960DA17B5661A001E2270 /* Debug */ = {
			isa = XCBuildConfiguration;
			baseConfigurationReference = 5F6EE287A9F174583875BE3A /* Pods.debug.xcconfig */;
			buildSettings = {
				ASSETCATALOG_COMPILER_APPICON_NAME = AppIcon;
				ASSETCATALOG_COMPILER_LAUNCHIMAGE_NAME = LaunchImage;
				CODE_SIGN_IDENTITY = "iPhone Developer";
				"CODE_SIGN_IDENTITY[sdk=iphoneos*]" = "iPhone Developer";
				FRAMEWORK_SEARCH_PATHS = "$(inherited)";
				GCC_PRECOMPILE_PREFIX_HEADER = YES;
				GCC_PREFIX_HEADER = "cnblogsNews/cnblogsNews-Prefix.pch";
				INFOPLIST_FILE = "cnblogsNews/cnblogsNews-Info.plist";
				IPHONEOS_DEPLOYMENT_TARGET = 6.0;
				LIBRARY_SEARCH_PATHS = "$(inherited)";
				PRODUCT_NAME = "$(TARGET_NAME)";
				PROVISIONING_PROFILE = "";
				"PROVISIONING_PROFILE[sdk=iphoneos*]" = "";
				WRAPPER_EXTENSION = app;
			};
			name = Debug;
		};
		90F960DB17B5661A001E2270 /* Release */ = {
			isa = XCBuildConfiguration;
			baseConfigurationReference = 124086B810B43DD88289CE9E /* Pods.release.xcconfig */;
			buildSettings = {
				ASSETCATALOG_COMPILER_APPICON_NAME = AppIcon;
				ASSETCATALOG_COMPILER_LAUNCHIMAGE_NAME = LaunchImage;
				CODE_SIGN_IDENTITY = "iPhone Distribution";
				"CODE_SIGN_IDENTITY[sdk=iphoneos*]" = "iPhone Distribution";
				FRAMEWORK_SEARCH_PATHS = "$(inherited)";
				GCC_PRECOMPILE_PREFIX_HEADER = YES;
				GCC_PREFIX_HEADER = "cnblogsNews/cnblogsNews-Prefix.pch";
				INFOPLIST_FILE = "cnblogsNews/cnblogsNews-Info.plist";
				IPHONEOS_DEPLOYMENT_TARGET = 6.0;
				LIBRARY_SEARCH_PATHS = "$(inherited)";
				PRODUCT_NAME = "$(TARGET_NAME)";
				PROVISIONING_PROFILE = "";
				"PROVISIONING_PROFILE[sdk=iphoneos*]" = "";
				VALIDATE_PRODUCT = YES;
				WRAPPER_EXTENSION = app;
			};
			name = Release;
		};
/* End XCBuildConfiguration section */

/* Begin XCConfigurationList section */
		90F960B717B5661A001E2270 /* Build configuration list for PBXProject "cnblogsNews" */ = {
			isa = XCConfigurationList;
			buildConfigurations = (
				90F960D717B5661A001E2270 /* Debug */,
				90F960D817B5661A001E2270 /* Release */,
			);
			defaultConfigurationIsVisible = 0;
			defaultConfigurationName = Release;
		};
		90F960D917B5661A001E2270 /* Build configuration list for PBXNativeTarget "cnblogsNews" */ = {
			isa = XCConfigurationList;
			buildConfigurations = (
				90F960DA17B5661A001E2270 /* Debug */,
				90F960DB17B5661A001E2270 /* Release */,
			);
			defaultConfigurationIsVisible = 0;
			defaultConfigurationName = Release;
		};
/* End XCConfigurationList section */
	};
	rootObject = 90F960B417B5661A001E2270 /* Project object */;
}
