// !$*UTF8*$!
{
	archiveVersion = 1;
	classes = {
	};
	objectVersion = 46;
	objects = {

/* Begin PBXBuildFile section */
		900F23D4143358F80090BB49 /* UIKit.framework in Frameworks */ = {isa = PBXBuildFile; fileRef = 900F23D3143358F80090BB49 /* UIKit.framework */; };
		900F23D6143358F80090BB49 /* Foundation.framework in Frameworks */ = {isa = PBXBuildFile; fileRef = 900F23D5143358F80090BB49 /* Foundation.framework */; };
		900F23D8143358F80090BB49 /* CoreGraphics.framework in Frameworks */ = {isa = PBXBuildFile; fileRef = 900F23D7143358F80090BB49 /* CoreGraphics.framework */; };
		900F23DE143358F80090BB49 /* InfoPlist.strings in Resources */ = {isa = PBXBuildFile; fileRef = 900F23DC143358F80090BB49 /* InfoPlist.strings */; };
		900F23E0143358F80090BB49 /* main.m in Sources */ = {isa = PBXBuildFile; fileRef = 900F23DF143358F80090BB49 /* main.m */; };
		900F23E4143358F80090BB49 /* cnblogsNewsAppDelegate.m in Sources */ = {isa = PBXBuildFile; fileRef = 900F23E3143358F80090BB49 /* cnblogsNewsAppDelegate.m */; };
		900F23E7143358F80090BB49 /* MainWindow.xib in Resources */ = {isa = PBXBuildFile; fileRef = 900F23E5143358F80090BB49 /* MainWindow.xib */; };
		900F23EA143358F80090BB49 /* RootViewController.m in Sources */ = {isa = PBXBuildFile; fileRef = 900F23E9143358F80090BB49 /* RootViewController.m */; };
		900F23ED143358F80090BB49 /* RootViewController.xib in Resources */ = {isa = PBXBuildFile; fileRef = 900F23EB143358F80090BB49 /* RootViewController.xib */; };
/* End PBXBuildFile section */

/* Begin PBXFileReference section */
		900F23CF143358F80090BB49 /* cnblogsNews.app */ = {isa = PBXFileReference; explicitFileType = wrapper.application; includeInIndex = 0; path = cnblogsNews.app; sourceTree = BUILT_PRODUCTS_DIR; };
		900F23D3143358F80090BB49 /* UIKit.framework */ = {isa = PBXFileReference; lastKnownFileType = wrapper.framework; name = UIKit.framework; path = System/Library/Frameworks/UIKit.framework; sourceTree = SDKROOT; };
		900F23D5143358F80090BB49 /* Foundation.framework */ = {isa = PBXFileReference; lastKnownFileType = wrapper.framework; name = Foundation.framework; path = System/Library/Frameworks/Foundation.framework; sourceTree = SDKROOT; };
		900F23D7143358F80090BB49 /* CoreGraphics.framework */ = {isa = PBXFileReference; lastKnownFileType = wrapper.framework; name = CoreGraphics.framework; path = System/Library/Frameworks/CoreGraphics.framework; sourceTree = SDKROOT; };
		900F23DB143358F80090BB49 /* cnblogsNews-Info.plist */ = {isa = PBXFileReference; path = "cnblogsNews-Info.plist"; sourceTree = "<group>"; };
		900F23DD143358F80090BB49 /* en */ = {isa = PBXFileReference; lastKnownFileType = text.plist.strings; name = en; path = en.lproj/InfoPlist.strings; sourceTree = "<group>"; };
		900F23DF143358F80090BB49 /* main.m */ = {isa = PBXFileReference; lastKnownFileType = sourcecode.c.objc; path = main.m; sourceTree = "<group>"; };
		900F23E1143358F80090BB49 /* cnblogsNews-Prefix.pch */ = {isa = PBXFileReference; path = "cnblogsNews-Prefix.pch"; sourceTree = "<group>"; };
		900F23E2143358F80090BB49 /* cnblogsNewsAppDelegate.h */ = {isa = PBXFileReference; path = cnblogsNewsAppDelegate.h; sourceTree = "<group>"; };
		900F23E3143358F80090BB49 /* cnblogsNewsAppDelegate.m */ = {isa = PBXFileReference; lastKnownFileType = sourcecode.c.objc; path = cnblogsNewsAppDelegate.m; sourceTree = "<group>"; };
		900F23E6143358F80090BB49 /* en */ = {isa = PBXFileReference; lastKnownFileType = file.xib; name = en; path = en.lproj/MainWindow.xib; sourceTree = "<group>"; };
		900F23E8143358F80090BB49 /* RootViewController.h */ = {isa = PBXFileReference; path = RootViewController.h; sourceTree = "<group>"; };
		900F23E9143358F80090BB49 /* RootViewController.m */ = {isa = PBXFileReference; lastKnownFileType = sourcecode.c.objc; path = RootViewController.m; sourceTree = "<group>"; };
		900F23EC143358F80090BB49 /* en */ = {isa = PBXFileReference; lastKnownFileType = file.xib; name = en; path = en.lproj/RootViewController.xib; sourceTree = "<group>"; };
/* End PBXFileReference section */

/* Begin PBXFrameworksBuildPhase section */
		900F23CC143358F80090BB49 /* Frameworks */ = {
			isa = PBXFrameworksBuildPhase;
			buildActionMask = 2147483647;
			files = (
				900F23D4143358F80090BB49 /* UIKit.framework in Frameworks */,
				900F23D6143358F80090BB49 /* Foundation.framework in Frameworks */,
				900F23D8143358F80090BB49 /* CoreGraphics.framework in Frameworks */,
			);
			runOnlyForDeploymentPostprocessing = 0;
		};
/* End PBXFrameworksBuildPhase section */

/* Begin PBXGroup section */
		900F23C4143358F80090BB49 = {
			isa = PBXGroup;
			children = (
				900F23D9143358F80090BB49 /* cnblogsNews */,
				900F23D2143358F80090BB49 /* Frameworks */,
				900F23D0143358F80090BB49 /* Products */,
			);
			sourceTree = "<group>";
		};
		900F23D0143358F80090BB49 /* Products */ = {
			isa = PBXGroup;
			children = (
				900F23CF143358F80090BB49 /* cnblogsNews.app */,
			);
			name = Products;
			sourceTree = "<group>";
		};
		900F23D2143358F80090BB49 /* Frameworks */ = {
			isa = PBXGroup;
			children = (
				900F23D3143358F80090BB49 /* UIKit.framework */,
				900F23D5143358F80090BB49 /* Foundation.framework */,
				900F23D7143358F80090BB49 /* CoreGraphics.framework */,
			);
			name = Frameworks;
			sourceTree = "<group>";
		};
		900F23D9143358F80090BB49 /* cnblogsNews */ = {
			isa = PBXGroup;
			children = (
				900F23E2143358F80090BB49 /* cnblogsNewsAppDelegate.h */,
				900F23E3143358F80090BB49 /* cnblogsNewsAppDelegate.m */,
				900F23E5143358F80090BB49 /* MainWindow.xib */,
				900F23E8143358F80090BB49 /* RootViewController.h */,
				900F23E9143358F80090BB49 /* RootViewController.m */,
				900F23EB143358F80090BB49 /* RootViewController.xib */,
				900F23DA143358F80090BB49 /* Supporting Files */,
			);
			path = cnblogsNews;
			sourceTree = "<group>";
		};
		900F23DA143358F80090BB49 /* Supporting Files */ = {
			isa = PBXGroup;
			children = (
				900F23DB143358F80090BB49 /* cnblogsNews-Info.plist */,
				900F23DC143358F80090BB49 /* InfoPlist.strings */,
				900F23DF143358F80090BB49 /* main.m */,
				900F23E1143358F80090BB49 /* cnblogsNews-Prefix.pch */,
			);
			name = "Supporting Files";
			sourceTree = "<group>";
		};
/* End PBXGroup section */

/* Begin PBXNativeTarget section */
		900F23CE143358F80090BB49 /* cnblogsNews */ = {
			isa = PBXNativeTarget;
			buildConfigurationList = 900F23F0143358F80090BB49 /* Build configuration list for PBXNativeTarget "cnblogsNews" */;
			buildPhases = (
				900F23CB143358F80090BB49 /* Sources */,
				900F23CC143358F80090BB49 /* Frameworks */,
				900F23CD143358F80090BB49 /* Resources */,
			);
			buildRules = (
			);
			dependencies = (
			);
			name = cnblogsNews;
			productName = cnblogsNews;
			productReference = 900F23CF143358F80090BB49 /* cnblogsNews.app */;
			productType = "com.apple.product-type.application";
		};
/* End PBXNativeTarget section */

/* Begin PBXProject section */
		900F23C6143358F80090BB49 /* Project object */ = {
			isa = PBXProject;
			attributes = {
				ORGANIZATIONNAME = SenseForce;
			};
			buildConfigurationList = 900F23C9143358F80090BB49 /* Build configuration list for PBXProject "cnblogsNews" */;
			compatibilityVersion = "Xcode 3.2";
			developmentRegion = English;
			hasScannedForEncodings = 0;
			knownRegions = (
				en,
			);
			mainGroup = 900F23C4143358F80090BB49;
			productRefGroup = 900F23D0143358F80090BB49 /* Products */;
			projectDirPath = "";
			projectRoot = "";
			targets = (
				900F23CE143358F80090BB49 /* cnblogsNews */,
			);
		};
/* End PBXProject section */

/* Begin PBXResourcesBuildPhase section */
		900F23CD143358F80090BB49 /* Resources */ = {
			isa = PBXResourcesBuildPhase;
			buildActionMask = 2147483647;
			files = (
				900F23DE143358F80090BB49 /* InfoPlist.strings in Resources */,
				900F23E7143358F80090BB49 /* MainWindow.xib in Resources */,
				900F23ED143358F80090BB49 /* RootViewController.xib in Resources */,
			);
			runOnlyForDeploymentPostprocessing = 0;
		};
/* End PBXResourcesBuildPhase section */

/* Begin PBXSourcesBuildPhase section */
		900F23CB143358F80090BB49 /* Sources */ = {
			isa = PBXSourcesBuildPhase;
			buildActionMask = 2147483647;
			files = (
				900F23E0143358F80090BB49 /* main.m in Sources */,
				900F23E4143358F80090BB49 /* cnblogsNewsAppDelegate.m in Sources */,
				900F23EA143358F80090BB49 /* RootViewController.m in Sources */,
			);
			runOnlyForDeploymentPostprocessing = 0;
		};
/* End PBXSourcesBuildPhase section */

/* Begin PBXVariantGroup section */
		900F23DC143358F80090BB49 /* InfoPlist.strings */ = {
			isa = PBXVariantGroup;
			children = (
				900F23DD143358F80090BB49 /* en */,
			);
			name = InfoPlist.strings;
			sourceTree = "<group>";
		};
		900F23E5143358F80090BB49 /* MainWindow.xib */ = {
			isa = PBXVariantGroup;
			children = (
				900F23E6143358F80090BB49 /* en */,
			);
			name = MainWindow.xib;
			sourceTree = "<group>";
		};
		900F23EB143358F80090BB49 /* RootViewController.xib */ = {
			isa = PBXVariantGroup;
			children = (
				900F23EC143358F80090BB49 /* en */,
			);
			name = RootViewController.xib;
			sourceTree = "<group>";
		};
/* End PBXVariantGroup section */

/* Begin XCBuildConfiguration section */
		900F23EE143358F80090BB49 /* Debug */ = {
			isa = XCBuildConfiguration;
			buildSettings = {
				ALWAYS_SEARCH_USER_PATHS = NO;
				ARCHS = "$(ARCHS_STANDARD_32_BIT)";
				"CODE_SIGN_IDENTITY[sdk=iphoneos*]" = "iPhone Developer";
				COPY_PHASE_STRIP = NO;
				GCC_C_LANGUAGE_STANDARD = gnu99;
				GCC_DYNAMIC_NO_PIC = NO;
				GCC_OPTIMIZATION_LEVEL = 0;
				GCC_PREPROCESSOR_DEFINITIONS = (
					"DEBUG=1",
					"$(inherited)",
				);
				GCC_SYMBOLS_PRIVATE_EXTERN = NO;
				GCC_VERSION = com.apple.compilers.llvmgcc42;
				GCC_WARN_ABOUT_MISSING_PROTOTYPES = YES;
				GCC_WARN_ABOUT_RETURN_TYPE = YES;
				GCC_WARN_UNUSED_VARIABLE = YES;
				IPHONEOS_DEPLOYMENT_TARGET = 4.3;
				SDKROOT = iphoneos;
			};
			name = Debug;
		};
		900F23EF143358F80090BB49 /* Release */ = {
			isa = XCBuildConfiguration;
			buildSettings = {
				ALWAYS_SEARCH_USER_PATHS = NO;
				ARCHS = "$(ARCHS_STANDARD_32_BIT)";
				"CODE_SIGN_IDENTITY[sdk=iphoneos*]" = "iPhone Developer";
				COPY_PHASE_STRIP = YES;
				GCC_C_LANGUAGE_STANDARD = gnu99;
				GCC_VERSION = com.apple.compilers.llvmgcc42;
				GCC_WARN_ABOUT_MISSING_PROTOTYPES = YES;
				GCC_WARN_ABOUT_RETURN_TYPE = YES;
				GCC_WARN_UNUSED_VARIABLE = YES;
				IPHONEOS_DEPLOYMENT_TARGET = 4.3;
				OTHER_CFLAGS = "-DNS_BLOCK_ASSERTIONS=1";
				SDKROOT = iphoneos;
				VALIDATE_PRODUCT = YES;
			};
			name = Release;
		};
		900F23F1143358F80090BB49 /* Debug */ = {
			isa = XCBuildConfiguration;
			buildSettings = {
				GCC_PRECOMPILE_PREFIX_HEADER = YES;
				GCC_PREFIX_HEADER = "cnblogsNews/cnblogsNews-Prefix.pch";
				INFOPLIST_FILE = "cnblogsNews/cnblogsNews-Info.plist";
				PRODUCT_NAME = "$(TARGET_NAME)";
				WRAPPER_EXTENSION = app;
			};
			name = Debug;
		};
		900F23F2143358F80090BB49 /* Release */ = {
			isa = XCBuildConfiguration;
			buildSettings = {
				GCC_PRECOMPILE_PREFIX_HEADER = YES;
				GCC_PREFIX_HEADER = "cnblogsNews/cnblogsNews-Prefix.pch";
				INFOPLIST_FILE = "cnblogsNews/cnblogsNews-Info.plist";
				PRODUCT_NAME = "$(TARGET_NAME)";
				WRAPPER_EXTENSION = app;
			};
			name = Release;
		};
/* End XCBuildConfiguration section */

/* Begin XCConfigurationList section */
		900F23C9143358F80090BB49 /* Build configuration list for PBXProject "cnblogsNews" */ = {
			isa = XCConfigurationList;
			buildConfigurations = (
				900F23EE143358F80090BB49 /* Debug */,
				900F23EF143358F80090BB49 /* Release */,
			);
			defaultConfigurationIsVisible = 0;
			defaultConfigurationName = Release;
		};
		900F23F0143358F80090BB49 /* Build configuration list for PBXNativeTarget "cnblogsNews" */ = {
			isa = XCConfigurationList;
			buildConfigurations = (
				900F23F1143358F80090BB49 /* Debug */,
				900F23F2143358F80090BB49 /* Release */,
			);
			defaultConfigurationIsVisible = 0;
		};
/* End XCConfigurationList section */
	};
	rootObject = 900F23C6143358F80090BB49 /* Project object */;
}
